
Microsoft Visual Studio Solution File, Format Version 12.00
# Visual Studio Version 16
VisualStudioVersion = 16.0.32106.194
MinimumVisualStudioVersion = 10.0.40219.1
Project("{9A19103F-16F7-4668-BE54-9A1E7A4F7556}") = "Infotrack", "Infotrack.csproj", "{BECFE1C3-2FE2-4771-B28C-0DED4559989B}"
EndProject
Global
	GlobalSection(SolutionConfigurationPlatforms) = preSolution
		Debug|Any CPU = Debug|Any CPU
		Release|Any CPU = Release|Any CPU
	EndGlobalSection
	GlobalSection(ProjectConfigurationPlatforms) = postSolution
		{BECFE1C3-2FE2-4771-B28C-0DED4559989B}.Debug|Any CPU.ActiveCfg = Debug|Any CPU
		{BECFE1C3-2FE2-4771-B28C-0DED4559989B}.Debug|Any CPU.Build.0 = Debug|Any CPU
		{BECFE1C3-2FE2-4771-B28C-0DED4559989B}.Release|Any CPU.ActiveCfg = Release|Any CPU
		{BECFE1C3-2FE2-4771-B28C-0DED4559989B}.Release|Any CPU.Build.0 = Release|Any CPU
	EndGlobalSection
	GlobalSection(SolutionProperties) = preSolution
		HideSolutionNode = FALSE
	EndGlobalSection
	GlobalSection(ExtensibilityGlobals) = postSolution
		SolutionGuid = {707B414B-E5F9-4142-8408-65FED56D795B}
	EndGlobalSection
EndGlobal
